
Microsoft Visual Studio Solution File, Format Version 12.00
# Visual Studio Version 17
VisualStudioVersion = 17.14.36301.6
MinimumVisualStudioVersion = 10.0.40219.1
Project("{FAE04EC0-301F-11D3-BF4B-00C04F79EFBC}") = "AssetRipper.NativeDialogs.Example", "AssetRipper.NativeDialogs.Example\AssetRipper.NativeDialogs.Example.csproj", "{637F54CA-046C-41C3-BC47-488F6CAB4A58}"
EndProject
Project("{FAE04EC0-301F-11D3-BF4B-00C04F79EFBC}") = "AssetRipper.NativeDialogs", "AssetRipper.NativeDialogs\AssetRipper.NativeDialogs.csproj", "{B666C286-5649-456B-A356-FB91DC0DE0C3}"
EndProject
Project("{2150E333-8FDC-42A3-9474-1A3956D46DE8}") = "Solution Items", "Solution Items", "{8EC462FD-D22E-90A8-E5CE-7E832BA40C5D}"
	ProjectSection(SolutionItems) = preProject
		.editorconfig = .editorconfig
		.gitignore = .gitignore
		.github\dependabot.yml = .github\dependabot.yml
		Directory.Build.props = Directory.Build.props
		LICENSE = LICENSE
		.github\workflows\publish.yml = .github\workflows\publish.yml
		README.md = README.md
	EndProjectSection
EndProject
Project("{FAE04EC0-301F-11D3-BF4B-00C04F79EFBC}") = "AssetRipper.NativeDialogs.WebApi", "AssetRipper.NativeDialogs.WebApi\AssetRipper.NativeDialogs.WebApi.csproj", "{18204EF5-F8B0-4314-BF6C-3FBB2AD6FB12}"
EndProject
Global
	GlobalSection(SolutionConfigurationPlatforms) = preSolution
		Debug|Any CPU = Debug|Any CPU
		Release|Any CPU = Release|Any CPU
	EndGlobalSection
	GlobalSection(ProjectConfigurationPlatforms) = postSolution
		{637F54CA-046C-41C3-BC47-488F6CAB4A58}.Debug|Any CPU.ActiveCfg = Debug|Any CPU
		{637F54CA-046C-41C3-BC47-488F6CAB4A58}.Debug|Any CPU.Build.0 = Debug|Any CPU
		{637F54CA-046C-41C3-BC47-488F6CAB4A58}.Release|Any CPU.ActiveCfg = Release|Any CPU
		{637F54CA-046C-41C3-BC47-488F6CAB4A58}.Release|Any CPU.Build.0 = Release|Any CPU
		{B666C286-5649-456B-A356-FB91DC0DE0C3}.Debug|Any CPU.ActiveCfg = Debug|Any CPU
		{B666C286-5649-456B-A356-FB91DC0DE0C3}.Debug|Any CPU.Build.0 = Debug|Any CPU
		{B666C286-5649-456B-A356-FB91DC0DE0C3}.Release|Any CPU.ActiveCfg = Release|Any CPU
		{B666C286-5649-456B-A356-FB91DC0DE0C3}.Release|Any CPU.Build.0 = Release|Any CPU
		{18204EF5-F8B0-4314-BF6C-3FBB2AD6FB12}.Debug|Any CPU.ActiveCfg = Debug|Any CPU
		{18204EF5-F8B0-4314-BF6C-3FBB2AD6FB12}.Debug|Any CPU.Build.0 = Debug|Any CPU
		{18204EF5-F8B0-4314-BF6C-3FBB2AD6FB12}.Release|Any CPU.ActiveCfg = Release|Any CPU
		{18204EF5-F8B0-4314-BF6C-3FBB2AD6FB12}.Release|Any CPU.Build.0 = Release|Any CPU
	EndGlobalSection
	GlobalSection(SolutionProperties) = preSolution
		HideSolutionNode = FALSE
	EndGlobalSection
	GlobalSection(ExtensibilityGlobals) = postSolution
		SolutionGuid = {1D6CFC53-7372-4EF6-B954-364EC2218A9B}
	EndGlobalSection
EndGlobal
